
Microsoft Visual Studio Solution File, Format Version 12.00
# Visual Studio Version 17
VisualStudioVersion = 17.13.35818.85 d17.13
MinimumVisualStudioVersion = 10.0.40219.1
Project("{FAE04EC0-301F-11D3-BF4B-00C04F79EFBC}") = "DynamicAppBuilder.Client", "DynamicAppBuilder.Client.csproj", "{B3E930FA-B24F-8EA9-5100-52FFB05D1AD0}"
EndProject
Global
	GlobalSection(SolutionConfigurationPlatforms) = preSolution
		Debug|Any CPU = Debug|Any CPU
		Release|Any CPU = Release|Any CPU
	EndGlobalSection
	GlobalSection(ProjectConfigurationPlatforms) = postSolution
		{B3E930FA-B24F-8EA9-5100-52FFB05D1AD0}.Debug|Any CPU.ActiveCfg = Debug|Any CPU
		{B3E930FA-B24F-8EA9-5100-52FFB05D1AD0}.Debug|Any CPU.Build.0 = Debug|Any CPU
		{B3E930FA-B24F-8EA9-5100-52FFB05D1AD0}.Release|Any CPU.ActiveCfg = Release|Any CPU
		{B3E930FA-B24F-8EA9-5100-52FFB05D1AD0}.Release|Any CPU.Build.0 = Release|Any CPU
	EndGlobalSection
	GlobalSection(SolutionProperties) = preSolution
		HideSolutionNode = FALSE
	EndGlobalSection
	GlobalSection(ExtensibilityGlobals) = postSolution
		SolutionGuid = {03E63D18-AA90-41DF-BCE8-AE0F2DECA519}
	EndGlobalSection
EndGlobal
